
Microsoft Visual Studio Solution File, Format Version 12.00
# Visual Studio Version 17
VisualStudioVersion = 17.13.35605.110
MinimumVisualStudioVersion = 10.0.40219.1
Project("{FAE04EC0-301F-11D3-BF4B-00C04F79EFBC}") = "DevInstance.WebServiceToolkit.Database", "src\DevInstance.WebServiceToolkit.Database\DevInstance.WebServiceToolkit.Database.csproj", "{AB0230B5-4897-BAF0-D523-21AF1431B888}"
EndProject
Project("{FAE04EC0-301F-11D3-BF4B-00C04F79EFBC}") = "DevInstance.WebServiceToolkit", "src\DevInstance.WebServiceToolkit\DevInstance.WebServiceToolkit.csproj", "{ACB6518A-977A-61D0-22C4-FC6F38091E12}"
EndProject
Project("{FAE04EC0-301F-11D3-BF4B-00C04F79EFBC}") = "DevInstance.WebServiceToolkit.Common", "src\DevInstance.WebServiceToolkit.Common\DevInstance.WebServiceToolkit.Common.csproj", "{4598FCA6-51A6-40BC-8E38-D068CABE22F6}"
EndProject
Global
	GlobalSection(SolutionConfigurationPlatforms) = preSolution
		Debug|Any CPU = Debug|Any CPU
		Release|Any CPU = Release|Any CPU
	EndGlobalSection
	GlobalSection(ProjectConfigurationPlatforms) = postSolution
		{AB0230B5-4897-BAF0-D523-21AF1431B888}.Debug|Any CPU.ActiveCfg = Debug|Any CPU
		{AB0230B5-4897-BAF0-D523-21AF1431B888}.Debug|Any CPU.Build.0 = Debug|Any CPU
		{AB0230B5-4897-BAF0-D523-21AF1431B888}.Release|Any CPU.ActiveCfg = Release|Any CPU
		{AB0230B5-4897-BAF0-D523-21AF1431B888}.Release|Any CPU.Build.0 = Release|Any CPU
		{ACB6518A-977A-61D0-22C4-FC6F38091E12}.Debug|Any CPU.ActiveCfg = Debug|Any CPU
		{ACB6518A-977A-61D0-22C4-FC6F38091E12}.Debug|Any CPU.Build.0 = Debug|Any CPU
		{ACB6518A-977A-61D0-22C4-FC6F38091E12}.Release|Any CPU.ActiveCfg = Release|Any CPU
		{ACB6518A-977A-61D0-22C4-FC6F38091E12}.Release|Any CPU.Build.0 = Release|Any CPU
		{4598FCA6-51A6-40BC-8E38-D068CABE22F6}.Debug|Any CPU.ActiveCfg = Debug|Any CPU
		{4598FCA6-51A6-40BC-8E38-D068CABE22F6}.Debug|Any CPU.Build.0 = Debug|Any CPU
		{4598FCA6-51A6-40BC-8E38-D068CABE22F6}.Release|Any CPU.ActiveCfg = Release|Any CPU
		{4598FCA6-51A6-40BC-8E38-D068CABE22F6}.Release|Any CPU.Build.0 = Release|Any CPU
	EndGlobalSection
	GlobalSection(SolutionProperties) = preSolution
		HideSolutionNode = FALSE
	EndGlobalSection
	GlobalSection(ExtensibilityGlobals) = postSolution
		SolutionGuid = {13630DC0-A01F-4CC1-BAE1-4360B20A9403}
	EndGlobalSection
EndGlobal
